// !$*UTF8*$!
{
	archiveVersion = 1;
	classes = {
	};
	objectVersion = 46;
	objects = {

/* Begin PBXBuildFile section */
		D235493D1DDCE44500228311 /* main.m in Sources */ = {isa = PBXBuildFile; fileRef = D235493C1DDCE44500228311 /* main.m */; };
		D23549401DDCE44500228311 /* AppDelegate.m in Sources */ = {isa = PBXBuildFile; fileRef = D235493F1DDCE44500228311 /* AppDelegate.m */; };
		D23549431DDCE44500228311 /* ViewController.m in Sources */ = {isa = PBXBuildFile; fileRef = D23549421DDCE44500228311 /* ViewController.m */; };
		D23549461DDCE44500228311 /* Main.storyboard in Resources */ = {isa = PBXBuildFile; fileRef = D23549441DDCE44500228311 /* Main.storyboard */; };
		D23549481DDCE44500228311 /* Assets.xcassets in Resources */ = {isa = PBXBuildFile; fileRef = D23549471DDCE44500228311 /* Assets.xcassets */; };
		D235494B1DDCE44500228311 /* LaunchScreen.storyboard in Resources */ = {isa = PBXBuildFile; fileRef = D23549491DDCE44500228311 /* LaunchScreen.storyboard */; };
/* End PBXBuildFile section */

/* Begin PBXFileReference section */
		D23549381DDCE44500228311 /* siteWrap.app */ = {isa = PBXFileReference; explicitFileType = wrapper.application; includeInIndex = 0; path = siteWrap.app; sourceTree = BUILT_PRODUCTS_DIR; };
		D235493C1DDCE44500228311 /* main.m */ = {isa = PBXFileReference; lastKnownFileType = sourcecode.c.objc; path = main.m; sourceTree = "<group>"; };
		D235493E1DDCE44500228311 /* AppDelegate.h */ = {isa = PBXFileReference; lastKnownFileType = sourcecode.c.h; path = AppDelegate.h; sourceTree = "<group>"; };
		D235493F1DDCE44500228311 /* AppDelegate.m */ = {isa = PBXFileReference; lastKnownFileType = sourcecode.c.objc; path = AppDelegate.m; sourceTree = "<group>"; };
		D23549411DDCE44500228311 /* ViewController.h */ = {isa = PBXFileReference; lastKnownFileType = sourcecode.c.h; path = ViewController.h; sourceTree = "<group>"; };
		D23549421DDCE44500228311 /* ViewController.m */ = {isa = PBXFileReference; lastKnownFileType = sourcecode.c.objc; path = ViewController.m; sourceTree = "<group>"; };
		D23549451DDCE44500228311 /* Base */ = {isa = PBXFileReference; lastKnownFileType = file.storyboard; name = Base; path = Base.lproj/Main.storyboard; sourceTree = "<group>"; };
		D23549471DDCE44500228311 /* Assets.xcassets */ = {isa = PBXFileReference; lastKnownFileType = folder.assetcatalog; path = Assets.xcassets; sourceTree = "<group>"; };
		D235494A1DDCE44500228311 /* Base */ = {isa = PBXFileReference; lastKnownFileType = file.storyboard; name = Base; path = Base.lproj/LaunchScreen.storyboard; sourceTree = "<group>"; };
		D235494C1DDCE44500228311 /* Info.plist */ = {isa = PBXFileReference; lastKnownFileType = text.plist.xml; path = Info.plist; sourceTree = "<group>"; };
/* End PBXFileReference section */

/* Begin PBXFrameworksBuildPhase section */
		D23549351DDCE44500228311 /* Frameworks */ = {
			isa = PBXFrameworksBuildPhase;
			buildActionMask = 2147483647;
			files = (
			);
			runOnlyForDeploymentPostprocessing = 0;
		};
/* End PBXFrameworksBuildPhase section */

/* Begin PBXGroup section */
		D235492F1DDCE44500228311 = {
			isa = PBXGroup;
			children = (
				D235493A1DDCE44500228311 /* siteWrap */,
				D23549391DDCE44500228311 /* Products */,
			);
			sourceTree = "<group>";
		};
		D23549391DDCE44500228311 /* Products */ = {
			isa = PBXGroup;
			children = (
				D23549381DDCE44500228311 /* siteWrap.app */,
			);
			name = Products;
			sourceTree = "<group>";
		};
		D235493A1DDCE44500228311 /* siteWrap */ = {
			isa = PBXGroup;
			children = (
				D235493E1DDCE44500228311 /* AppDelegate.h */,
				D235493F1DDCE44500228311 /* AppDelegate.m */,
				D23549411DDCE44500228311 /* ViewController.h */,
				D23549421DDCE44500228311 /* ViewController.m */,
				D23549441DDCE44500228311 /* Main.storyboard */,
				D23549471DDCE44500228311 /* Assets.xcassets */,
				D23549491DDCE44500228311 /* LaunchScreen.storyboard */,
				D235494C1DDCE44500228311 /* Info.plist */,
				D235493B1DDCE44500228311 /* Supporting Files */,
			);
			path = siteWrap;
			sourceTree = "<group>";
		};
		D235493B1DDCE44500228311 /* Supporting Files */ = {
			isa = PBXGroup;
			children = (
				D235493C1DDCE44500228311 /* main.m */,
			);
			name = "Supporting Files";
			sourceTree = "<group>";
		};
/* End PBXGroup section */

/* Begin PBXNativeTarget section */
		D23549371DDCE44500228311 /* siteWrap */ = {
			isa = PBXNativeTarget;
			buildConfigurationList = D235494F1DDCE44500228311 /* Build configuration list for PBXNativeTarget "siteWrap" */;
			buildPhases = (
				D23549341DDCE44500228311 /* Sources */,
				D23549351DDCE44500228311 /* Frameworks */,
				D23549361DDCE44500228311 /* Resources */,
			);
			buildRules = (
			);
			dependencies = (
			);
			name = siteWrap;
			productName = siteWrap;
			productReference = D23549381DDCE44500228311 /* siteWrap.app */;
			productType = "com.apple.product-type.application";
		};
/* End PBXNativeTarget section */

/* Begin PBXProject section */
		D23549301DDCE44500228311 /* Project object */ = {
			isa = PBXProject;
			attributes = {
				LastUpgradeCheck = 0810;
				ORGANIZATIONNAME = Micday;
				TargetAttributes = {
					D23549371DDCE44500228311 = {
						CreatedOnToolsVersion = 8.1;
						DevelopmentTeam = 3NKQM3973F;
						ProvisioningStyle = Automatic;
					};
				};
			};
			buildConfigurationList = D23549331DDCE44500228311 /* Build configuration list for PBXProject "siteWrap" */;
			compatibilityVersion = "Xcode 3.2";
			developmentRegion = English;
			hasScannedForEncodings = 0;
			knownRegions = (
				en,
				Base,
			);
			mainGroup = D235492F1DDCE44500228311;
			productRefGroup = D23549391DDCE44500228311 /* Products */;
			projectDirPath = "";
			projectRoot = "";
			targets = (
				D23549371DDCE44500228311 /* siteWrap */,
			);
		};
/* End PBXProject section */

/* Begin PBXResourcesBuildPhase section */
		D23549361DDCE44500228311 /* Resources */ = {
			isa = PBXResourcesBuildPhase;
			buildActionMask = 2147483647;
			files = (
				D235494B1DDCE44500228311 /* LaunchScreen.storyboard in Resources */,
				D23549481DDCE44500228311 /* Assets.xcassets in Resources */,
				D23549461DDCE44500228311 /* Main.storyboard in Resources */,
			);
			runOnlyForDeploymentPostprocessing = 0;
		};
/* End PBXResourcesBuildPhase section */

/* Begin PBXSourcesBuildPhase section */
		D23549341DDCE44500228311 /* Sources */ = {
			isa = PBXSourcesBuildPhase;
			buildActionMask = 2147483647;
			files = (
				D23549431DDCE44500228311 /* ViewController.m in Sources */,
				D23549401DDCE44500228311 /* AppDelegate.m in Sources */,
				D235493D1DDCE44500228311 /* main.m in Sources */,
			);
			runOnlyForDeploymentPostprocessing = 0;
		};
/* End PBXSourcesBuildPhase section */

/* Begin PBXVariantGroup section */
		D23549441DDCE44500228311 /* Main.storyboard */ = {
			isa = PBXVariantGroup;
			children = (
				D23549451DDCE44500228311 /* Base */,
			);
			name = Main.storyboard;
			sourceTree = "<group>";
		};
		D23549491DDCE44500228311 /* LaunchScreen.storyboard */ = {
			isa = PBXVariantGroup;
			children = (
				D235494A1DDCE44500228311 /* Base */,
			);
			name = LaunchScreen.storyboard;
			sourceTree = "<group>";
		};
/* End PBXVariantGroup section */

/* Begin XCBuildConfiguration section */
		D235494D1DDCE44500228311 /* Debug */ = {
			isa = XCBuildConfiguration;
			buildSettings = {
				ALWAYS_SEARCH_USER_PATHS = NO;
				CLANG_ANALYZER_NONNULL = YES;
				CLANG_CXX_LANGUAGE_STANDARD = "gnu++0x";
				CLANG_CXX_LIBRARY = "libc++";
				CLANG_ENABLE_MODULES = YES;
				CLANG_ENABLE_OBJC_ARC = YES;
				CLANG_WARN_BOOL_CONVERSION = YES;
				CLANG_WARN_CONSTANT_CONVERSION = YES;
				CLANG_WARN_DIRECT_OBJC_ISA_USAGE = YES_ERROR;
				CLANG_WARN_DOCUMENTATION_COMMENTS = YES;
				CLANG_WARN_EMPTY_BODY = YES;
				CLANG_WARN_ENUM_CONVERSION = YES;
				CLANG_WARN_INFINITE_RECURSION = YES;
				CLANG_WARN_INT_CONVERSION = YES;
				CLANG_WARN_OBJC_ROOT_CLASS = YES_ERROR;
				CLANG_WARN_SUSPICIOUS_MOVES = YES;
				CLANG_WARN_UNREACHABLE_CODE = YES;
				CLANG_WARN__DUPLICATE_METHOD_MATCH = YES;
				"CODE_SIGN_IDENTITY[sdk=iphoneos*]" = "iPhone Developer";
				COPY_PHASE_STRIP = NO;
				DEBUG_INFORMATION_FORMAT = dwarf;
				ENABLE_STRICT_OBJC_MSGSEND = YES;
				ENABLE_TESTABILITY = YES;
				GCC_C_LANGUAGE_STANDARD = gnu99;
				GCC_DYNAMIC_NO_PIC = NO;
				GCC_NO_COMMON_BLOCKS = YES;
				GCC_OPTIMIZATION_LEVEL = 0;
				GCC_PREPROCESSOR_DEFINITIONS = (
					"DEBUG=1",
					"$(inherited)",
				);
				GCC_WARN_64_TO_32_BIT_CONVERSION = YES;
				GCC_WARN_ABOUT_RETURN_TYPE = YES_ERROR;
				GCC_WARN_UNDECLARED_SELECTOR = YES;
				GCC_WARN_UNINITIALIZED_AUTOS = YES_AGGRESSIVE;
				GCC_WARN_UNUSED_FUNCTION = YES;
				GCC_WARN_UNUSED_VARIABLE = YES;
				IPHONEOS_DEPLOYMENT_TARGET = 10.1;
				MTL_ENABLE_DEBUG_INFO = YES;
				ONLY_ACTIVE_ARCH = YES;
				SDKROOT = iphoneos;
				TARGETED_DEVICE_FAMILY = 2;
			};
			name = Debug;
		};
		D235494E1DDCE44500228311 /* Release */ = {
			isa = XCBuildConfiguration;
			buildSettings = {
				ALWAYS_SEARCH_USER_PATHS = NO;
				CLANG_ANALYZER_NONNULL = YES;
				CLANG_CXX_LANGUAGE_STANDARD = "gnu++0x";
				CLANG_CXX_LIBRARY = "libc++";
				CLANG_ENABLE_MODULES = YES;
				CLANG_ENABLE_OBJC_ARC = YES;
				CLANG_WARN_BOOL_CONVERSION = YES;
				CLANG_WARN_CONSTANT_CONVERSION = YES;
				CLANG_WARN_DIRECT_OBJC_ISA_USAGE = YES_ERROR;
				CLANG_WARN_DOCUMENTATION_COMMENTS = YES;
				CLANG_WARN_EMPTY_BODY = YES;
				CLANG_WARN_ENUM_CONVERSION = YES;
				CLANG_WARN_INFINITE_RECURSION = YES;
				CLANG_WARN_INT_CONVERSION = YES;
				CLANG_WARN_OBJC_ROOT_CLASS = YES_ERROR;
				CLANG_WARN_SUSPICIOUS_MOVES = YES;
				CLANG_WARN_UNREACHABLE_CODE = YES;
				CLANG_WARN__DUPLICATE_METHOD_MATCH = YES;
				"CODE_SIGN_IDENTITY[sdk=iphoneos*]" = "iPhone Developer";
				COPY_PHASE_STRIP = NO;
				DEBUG_INFORMATION_FORMAT = "dwarf-with-dsym";
				ENABLE_NS_ASSERTIONS = NO;
				ENABLE_STRICT_OBJC_MSGSEND = YES;
				GCC_C_LANGUAGE_STANDARD = gnu99;
				GCC_NO_COMMON_BLOCKS = YES;
				GCC_WARN_64_TO_32_BIT_CONVERSION = YES;
				GCC_WARN_ABOUT_RETURN_TYPE = YES_ERROR;
				GCC_WARN_UNDECLARED_SELECTOR = YES;
				GCC_WARN_UNINITIALIZED_AUTOS = YES_AGGRESSIVE;
				GCC_WARN_UNUSED_FUNCTION = YES;
				GCC_WARN_UNUSED_VARIABLE = YES;
				IPHONEOS_DEPLOYMENT_TARGET = 10.1;
				MTL_ENABLE_DEBUG_INFO = NO;
				SDKROOT = iphoneos;
				TARGETED_DEVICE_FAMILY = 2;
				VALIDATE_PRODUCT = YES;
			};
			name = Release;
		};
		D23549501DDCE44500228311 /* Debug */ = {
			isa = XCBuildConfiguration;
			buildSettings = {
				ASSETCATALOG_COMPILER_APPICON_NAME = AppIcon;
				DEVELOPMENT_TEAM = 3NKQM3973F;
				INFOPLIST_FILE = siteWrap/Info.plist;
				LD_RUNPATH_SEARCH_PATHS = "$(inherited) @executable_path/Frameworks";
				PRODUCT_BUNDLE_IDENTIFIER = mike.siteWrap;
				PRODUCT_NAME = "$(TARGET_NAME)";
			};
			name = Debug;
		};
		D23549511DDCE44500228311 /* Release */ = {
			isa = XCBuildConfiguration;
			buildSettings = {
				ASSETCATALOG_COMPILER_APPICON_NAME = AppIcon;
				DEVELOPMENT_TEAM = 3NKQM3973F;
				INFOPLIST_FILE = siteWrap/Info.plist;
				LD_RUNPATH_SEARCH_PATHS = "$(inherited) @executable_path/Frameworks";
				PRODUCT_BUNDLE_IDENTIFIER = mike.siteWrap;
				PRODUCT_NAME = "$(TARGET_NAME)";
			};
			name = Release;
		};
/* End XCBuildConfiguration section */

/* Begin XCConfigurationList section */
		D23549331DDCE44500228311 /* Build configuration list for PBXProject "siteWrap" */ = {
			isa = XCConfigurationList;
			buildConfigurations = (
				D235494D1DDCE44500228311 /* Debug */,
				D235494E1DDCE44500228311 /* Release */,
			);
			defaultConfigurationIsVisible = 0;
			defaultConfigurationName = Release;
		};
		D235494F1DDCE44500228311 /* Build configuration list for PBXNativeTarget "siteWrap" */ = {
			isa = XCConfigurationList;
			buildConfigurations = (
				D23549501DDCE44500228311 /* Debug */,
				D23549511DDCE44500228311 /* Release */,
			);
			defaultConfigurationIsVisible = 0;
		};
/* End XCConfigurationList section */
	};
	rootObject = D23549301DDCE44500228311 /* Project object */;
}
